
Microsoft Visual Studio Solution File, Format Version 12.00
# Visual Studio Version 17
VisualStudioVersion = 17.13.35919.96
MinimumVisualStudioVersion = 10.0.40219.1
Project("{FAE04EC0-301F-11D3-BF4B-00C04F79EFBC}") = "SADVO.Core.Application", "Sources\SADVO.Core.Application\SADVO.Core.Application.csproj", "{C3C3F96A-21CF-4EAC-92B8-338BC3A1E0A3}"
EndProject
Project("{FAE04EC0-301F-11D3-BF4B-00C04F79EFBC}") = "SADVO.Infrastructure.Persistence", "Sources\SADVO.Infrastructure.Persistence\SADVO.Infrastructure.Persistence.csproj", "{A5E8C72D-8D70-444C-9E03-826C2928CCB9}"
EndProject
Project("{2150E333-8FDC-42A3-9474-1A3956D46DE8}") = "src", "src", "{02EA681E-C7D8-13C7-8484-4AC65E1B71E8}"
EndProject
Project("{2150E333-8FDC-42A3-9474-1A3956D46DE8}") = "Core", "Core", "{F4E8C3D4-946E-421F-8177-89FAEB7CFCC5}"
EndProject
Project("{2150E333-8FDC-42A3-9474-1A3956D46DE8}") = "Infrastructure", "Infrastructure", "{EEBBECEA-6ABC-4A52-8A93-AE33C67065B2}"
EndProject
Project("{2150E333-8FDC-42A3-9474-1A3956D46DE8}") = "Presentation", "Presentation", "{AE8E9B1F-C72D-4AFE-994F-26A7F1F63F8C}"
EndProject
Project("{2150E333-8FDC-42A3-9474-1A3956D46DE8}") = "WebApp", "WebApp", "{4DFF25FC-2574-42CF-830F-749E7B9813FE}"
EndProject
Project("{FAE04EC0-301F-11D3-BF4B-00C04F79EFBC}") = "SADVO.Core.Domain", "Sources\SADVO.Core.Domain\SADVO.Core.Domain.csproj", "{DC33D693-6413-41BB-A8ED-3E17F2A0EA6D}"
EndProject
Project("{FAE04EC0-301F-11D3-BF4B-00C04F79EFBC}") = "SADVO", "Sources\SADVO\SADVO.csproj", "{90FC8E3D-9236-48C7-A2F3-F72661B05548}"
EndProject
Global
	GlobalSection(SolutionConfigurationPlatforms) = preSolution
		Debug|Any CPU = Debug|Any CPU
		Release|Any CPU = Release|Any CPU
	EndGlobalSection
	GlobalSection(ProjectConfigurationPlatforms) = postSolution
		{C3C3F96A-21CF-4EAC-92B8-338BC3A1E0A3}.Debug|Any CPU.ActiveCfg = Debug|Any CPU
		{C3C3F96A-21CF-4EAC-92B8-338BC3A1E0A3}.Debug|Any CPU.Build.0 = Debug|Any CPU
		{C3C3F96A-21CF-4EAC-92B8-338BC3A1E0A3}.Release|Any CPU.ActiveCfg = Release|Any CPU
		{C3C3F96A-21CF-4EAC-92B8-338BC3A1E0A3}.Release|Any CPU.Build.0 = Release|Any CPU
		{A5E8C72D-8D70-444C-9E03-826C2928CCB9}.Debug|Any CPU.ActiveCfg = Debug|Any CPU
		{A5E8C72D-8D70-444C-9E03-826C2928CCB9}.Debug|Any CPU.Build.0 = Debug|Any CPU
		{A5E8C72D-8D70-444C-9E03-826C2928CCB9}.Release|Any CPU.ActiveCfg = Release|Any CPU
		{A5E8C72D-8D70-444C-9E03-826C2928CCB9}.Release|Any CPU.Build.0 = Release|Any CPU
		{DC33D693-6413-41BB-A8ED-3E17F2A0EA6D}.Debug|Any CPU.ActiveCfg = Debug|Any CPU
		{DC33D693-6413-41BB-A8ED-3E17F2A0EA6D}.Debug|Any CPU.Build.0 = Debug|Any CPU
		{DC33D693-6413-41BB-A8ED-3E17F2A0EA6D}.Release|Any CPU.ActiveCfg = Release|Any CPU
		{DC33D693-6413-41BB-A8ED-3E17F2A0EA6D}.Release|Any CPU.Build.0 = Release|Any CPU
		{90FC8E3D-9236-48C7-A2F3-F72661B05548}.Debug|Any CPU.ActiveCfg = Debug|Any CPU
		{90FC8E3D-9236-48C7-A2F3-F72661B05548}.Debug|Any CPU.Build.0 = Debug|Any CPU
		{90FC8E3D-9236-48C7-A2F3-F72661B05548}.Release|Any CPU.ActiveCfg = Release|Any CPU
		{90FC8E3D-9236-48C7-A2F3-F72661B05548}.Release|Any CPU.Build.0 = Release|Any CPU
	EndGlobalSection
	GlobalSection(SolutionProperties) = preSolution
		HideSolutionNode = FALSE
	EndGlobalSection
	GlobalSection(NestedProjects) = preSolution
		{C3C3F96A-21CF-4EAC-92B8-338BC3A1E0A3} = {F4E8C3D4-946E-421F-8177-89FAEB7CFCC5}
		{A5E8C72D-8D70-444C-9E03-826C2928CCB9} = {EEBBECEA-6ABC-4A52-8A93-AE33C67065B2}
		{F4E8C3D4-946E-421F-8177-89FAEB7CFCC5} = {02EA681E-C7D8-13C7-8484-4AC65E1B71E8}
		{EEBBECEA-6ABC-4A52-8A93-AE33C67065B2} = {02EA681E-C7D8-13C7-8484-4AC65E1B71E8}
		{AE8E9B1F-C72D-4AFE-994F-26A7F1F63F8C} = {02EA681E-C7D8-13C7-8484-4AC65E1B71E8}
		{4DFF25FC-2574-42CF-830F-749E7B9813FE} = {AE8E9B1F-C72D-4AFE-994F-26A7F1F63F8C}
		{DC33D693-6413-41BB-A8ED-3E17F2A0EA6D} = {F4E8C3D4-946E-421F-8177-89FAEB7CFCC5}
		{90FC8E3D-9236-48C7-A2F3-F72661B05548} = {4DFF25FC-2574-42CF-830F-749E7B9813FE}
	EndGlobalSection
	GlobalSection(ExtensibilityGlobals) = postSolution
		SolutionGuid = {468FEFE8-D4A6-403A-81B2-AECA102F1183}
	EndGlobalSection
EndGlobal
